
Microsoft Visual Studio Solution File, Format Version 12.00
# Visual Studio Version 17
VisualStudioVersion = 17.0.31903.59
MinimumVisualStudioVersion = 10.0.40219.1
Project("{FAE04EC0-301F-11D3-BF4B-00C04F79EFBC}") = "API", "API\API.csproj", "{4E80DF03-8120-4DBD-B204-886CD9569D7B}"
EndProject
Project("{FAE04EC0-301F-11D3-BF4B-00C04F79EFBC}") = "Core", "Core\Core.csproj", "{1E65A312-B507-4CBE-A567-263EDAC27293}"
EndProject
Project("{FAE04EC0-301F-11D3-BF4B-00C04F79EFBC}") = "Infrastructure", "Infrastructure\Infrastructure.csproj", "{D3D445E7-464C-4934-AE6E-C575DE4668BE}"
EndProject
Global
	GlobalSection(SolutionConfigurationPlatforms) = preSolution
		Debug|Any CPU = Debug|Any CPU
		Release|Any CPU = Release|Any CPU
	EndGlobalSection
	GlobalSection(SolutionProperties) = preSolution
		HideSolutionNode = FALSE
	EndGlobalSection
	GlobalSection(ProjectConfigurationPlatforms) = postSolution
		{4E80DF03-8120-4DBD-B204-886CD9569D7B}.Debug|Any CPU.ActiveCfg = Debug|Any CPU
		{4E80DF03-8120-4DBD-B204-886CD9569D7B}.Debug|Any CPU.Build.0 = Debug|Any CPU
		{4E80DF03-8120-4DBD-B204-886CD9569D7B}.Release|Any CPU.ActiveCfg = Release|Any CPU
		{4E80DF03-8120-4DBD-B204-886CD9569D7B}.Release|Any CPU.Build.0 = Release|Any CPU
		{1E65A312-B507-4CBE-A567-263EDAC27293}.Debug|Any CPU.ActiveCfg = Debug|Any CPU
		{1E65A312-B507-4CBE-A567-263EDAC27293}.Debug|Any CPU.Build.0 = Debug|Any CPU
		{1E65A312-B507-4CBE-A567-263EDAC27293}.Release|Any CPU.ActiveCfg = Release|Any CPU
		{1E65A312-B507-4CBE-A567-263EDAC27293}.Release|Any CPU.Build.0 = Release|Any CPU
		{D3D445E7-464C-4934-AE6E-C575DE4668BE}.Debug|Any CPU.ActiveCfg = Debug|Any CPU
		{D3D445E7-464C-4934-AE6E-C575DE4668BE}.Debug|Any CPU.Build.0 = Debug|Any CPU
		{D3D445E7-464C-4934-AE6E-C575DE4668BE}.Release|Any CPU.ActiveCfg = Release|Any CPU
		{D3D445E7-464C-4934-AE6E-C575DE4668BE}.Release|Any CPU.Build.0 = Release|Any CPU
	EndGlobalSection
EndGlobal
